{
  "name": "@fms/jsvulnpack",
  "version": "1.0.0",
  "lockfileVersion": 3,
  "requires": true,
  "packages": {
    "": {
      "name": "@fms/jsvulnpack",
      "version": "1.0.0",
      "license": "ISC",
      "dependencies": {
        "dompurify": "0.8.5"
      }
    },
    "node_modules/dompurify": {
      "version": "0.8.5",
      "resolved": "https://registry.npmjs.org/dompurify/-/dompurify-0.8.5.tgz",
      "integrity": "sha512-ob/8gfWFjUbhBoM9N+gWrpa0aGe6nVHajFrMqtYfyw+xptX2nCnfLhpRYnpiEDMRDtosbbmPuhuj1pWgJ/8oUQ=="
    }
  }
}
